
Microsoft Visual Studio Solution File, Format Version 12.00
# Visual Studio Version 16
VisualStudioVersion = 16.0.29709.97
MinimumVisualStudioVersion = 10.0.40219.1
Project("{00D1A9C2-B5F0-4AF3-8072-F6C62B433612}") = "SQLEcodeConverter", "SQLEcodeConverter.sqlproj", "{F88D2360-5005-4D6C-8F61-8D9A39FA5193}"
EndProject
Global
	GlobalSection(SolutionConfigurationPlatforms) = preSolution
		Debug|Any CPU = Debug|Any CPU
		Release|Any CPU = Release|Any CPU
	EndGlobalSection
	GlobalSection(ProjectConfigurationPlatforms) = postSolution
		{F88D2360-5005-4D6C-8F61-8D9A39FA5193}.Debug|Any CPU.ActiveCfg = Debug|Any CPU
		{F88D2360-5005-4D6C-8F61-8D9A39FA5193}.Debug|Any CPU.Build.0 = Debug|Any CPU
		{F88D2360-5005-4D6C-8F61-8D9A39FA5193}.Debug|Any CPU.Deploy.0 = Debug|Any CPU
		{F88D2360-5005-4D6C-8F61-8D9A39FA5193}.Release|Any CPU.ActiveCfg = Release|Any CPU
		{F88D2360-5005-4D6C-8F61-8D9A39FA5193}.Release|Any CPU.Build.0 = Release|Any CPU
		{F88D2360-5005-4D6C-8F61-8D9A39FA5193}.Release|Any CPU.Deploy.0 = Release|Any CPU
	EndGlobalSection
	GlobalSection(SolutionProperties) = preSolution
		HideSolutionNode = FALSE
	EndGlobalSection
	GlobalSection(ExtensibilityGlobals) = postSolution
		SolutionGuid = {E50AE612-97F0-4EFF-9319-995A60B754E5}
	EndGlobalSection
EndGlobal
